// !$*UTF8*$!
{
	archiveVersion = 1;
	classes = {
	};
	objectVersion = 46;
	objects = {

/* Begin PBXBuildFile section */
		4E9FAE0F70E7F62D4231902B /* Pods_Demo_Swift_Excel_Xlsx_Reader_WriterUITests.framework in Frameworks */ = {isa = PBXBuildFile; fileRef = E823E5100E1136F60D3D3BD5 /* Pods_Demo_Swift_Excel_Xlsx_Reader_WriterUITests.framework */; };
		5D4DFB561F791E0C009EED30 /* AppDelegate.swift in Sources */ = {isa = PBXBuildFile; fileRef = 5D4DFB551F791E0C009EED30 /* AppDelegate.swift */; };
		5D4DFB581F791E0C009EED30 /* ViewController.swift in Sources */ = {isa = PBXBuildFile; fileRef = 5D4DFB571F791E0C009EED30 /* ViewController.swift */; };
		5D4DFB5B1F791E0C009EED30 /* Main.storyboard in Resources */ = {isa = PBXBuildFile; fileRef = 5D4DFB591F791E0C009EED30 /* Main.storyboard */; };
		5D4DFB5D1F791E0C009EED30 /* Assets.xcassets in Resources */ = {isa = PBXBuildFile; fileRef = 5D4DFB5C1F791E0C009EED30 /* Assets.xcassets */; };
		5D4DFB601F791E0C009EED30 /* LaunchScreen.storyboard in Resources */ = {isa = PBXBuildFile; fileRef = 5D4DFB5E1F791E0C009EED30 /* LaunchScreen.storyboard */; };
		5D4DFB6B1F791E0C009EED30 /* Demo_Swift_Excel_Xlsx_Reader_WriterTests.swift in Sources */ = {isa = PBXBuildFile; fileRef = 5D4DFB6A1F791E0C009EED30 /* Demo_Swift_Excel_Xlsx_Reader_WriterTests.swift */; };
		5D4DFB761F791E0C009EED30 /* Demo_Swift_Excel_Xlsx_Reader_WriterUITests.swift in Sources */ = {isa = PBXBuildFile; fileRef = 5D4DFB751F791E0C009EED30 /* Demo_Swift_Excel_Xlsx_Reader_WriterUITests.swift */; };
		5D4DFB921F791E43009EED30 /* libXlsxReaderWriter.a in Frameworks */ = {isa = PBXBuildFile; fileRef = 5D4DFB8B1F791E2F009EED30 /* libXlsxReaderWriter.a */; };
		5D4DFB951F791E49009EED30 /* libz.tbd in Frameworks */ = {isa = PBXBuildFile; fileRef = 5D4DFB941F791E49009EED30 /* libz.tbd */; };
		A8112DE921355F5800B05921 /* OptionalViewController.swift in Sources */ = {isa = PBXBuildFile; fileRef = A8112DE821355F5800B05921 /* OptionalViewController.swift */; };
		A8112DED21358DED00B05921 /* materialsandpod.xlsx in Resources */ = {isa = PBXBuildFile; fileRef = A8112DEC21358DE500B05921 /* materialsandpod.xlsx */; };
		A836AA6A213B450600B6C70A /* demo.xlsx in Resources */ = {isa = PBXBuildFile; fileRef = A8F439BC21306E2100EC0088 /* demo.xlsx */; };
		A836AA6E213B45C100B6C70A /* Check4ViewController.swift in Sources */ = {isa = PBXBuildFile; fileRef = A836AA6D213B45C100B6C70A /* Check4ViewController.swift */; };
		A86618D2212C542F002A52E2 /* Model.xcdatamodeld in Sources */ = {isa = PBXBuildFile; fileRef = A86618D0212C542F002A52E2 /* Model.xcdatamodeld */; };
		A8A0BFF42132939E00A5C8E9 /* Check3ViewController.swift in Sources */ = {isa = PBXBuildFile; fileRef = A8A0BFF32132939E00A5C8E9 /* Check3ViewController.swift */; };
		A8A0CB02213EAF770022D5D0 /* PuskX2.xlsx in Resources */ = {isa = PBXBuildFile; fileRef = A8A0CAFF213EAF5B0022D5D0 /* PuskX2.xlsx */; };
		A8D67A532129BA8100D776EB /* MenuViewController.swift in Sources */ = {isa = PBXBuildFile; fileRef = A8D67A4F2129BA8000D776EB /* MenuViewController.swift */; };
		A8D67A542129BA8100D776EB /* BaseViewController.swift in Sources */ = {isa = PBXBuildFile; fileRef = A8D67A522129BA8000D776EB /* BaseViewController.swift */; };
		A8D67A562129BF8300D776EB /* Check2ViewController.swift in Sources */ = {isa = PBXBuildFile; fileRef = A8D67A552129BF8300D776EB /* Check2ViewController.swift */; };
		A8F439C421307EA600EC0088 /* stoplist.xlsx in Resources */ = {isa = PBXBuildFile; fileRef = A8F439B92130590900EC0088 /* stoplist.xlsx */; };
		D57382969EE3483CB53F286D /* Pods_Demo_Swift_Excel_Xlsx_Reader_Writer.framework in Frameworks */ = {isa = PBXBuildFile; fileRef = B86B93955B66DD595CEFFDB3 /* Pods_Demo_Swift_Excel_Xlsx_Reader_Writer.framework */; };
		EE63CCD8CF354A4A31F2134F /* Pods_Demo_Swift_Excel_Xlsx_Reader_WriterTests.framework in Frameworks */ = {isa = PBXBuildFile; fileRef = FA899639E75550AC790DB978 /* Pods_Demo_Swift_Excel_Xlsx_Reader_WriterTests.framework */; };
/* End PBXBuildFile section */

/* Begin PBXContainerItemProxy section */
		5D4DFB671F791E0C009EED30 /* PBXContainerItemProxy */ = {
			isa = PBXContainerItemProxy;
			containerPortal = 5D4DFB4A1F791E0C009EED30 /* Project object */;
			proxyType = 1;
			remoteGlobalIDString = 5D4DFB511F791E0C009EED30;
			remoteInfo = "Demo Swift Excel Xlsx Reader Writer";
		};
		5D4DFB721F791E0C009EED30 /* PBXContainerItemProxy */ = {
			isa = PBXContainerItemProxy;
			containerPortal = 5D4DFB4A1F791E0C009EED30 /* Project object */;
			proxyType = 1;
			remoteGlobalIDString = 5D4DFB511F791E0C009EED30;
			remoteInfo = "Demo Swift Excel Xlsx Reader Writer";
		};
		5D4DFB8A1F791E2F009EED30 /* PBXContainerItemProxy */ = {
			isa = PBXContainerItemProxy;
			containerPortal = 5D4DFB831F791E2E009EED30 /* XlsxReaderWriter.xcodeproj */;
			proxyType = 2;
			remoteGlobalIDString = 45B6E23A1A148F7500288A78;
			remoteInfo = XlsxReaderWriter;
		};
		5D4DFB8C1F791E2F009EED30 /* PBXContainerItemProxy */ = {
			isa = PBXContainerItemProxy;
			containerPortal = 5D4DFB831F791E2E009EED30 /* XlsxReaderWriter.xcodeproj */;
			proxyType = 2;
			remoteGlobalIDString = 45B6E2451A148F7500288A78;
			remoteInfo = XlsxReaderWriterTests;
		};
		5D4DFB8E1F791E2F009EED30 /* PBXContainerItemProxy */ = {
			isa = PBXContainerItemProxy;
			containerPortal = 5D4DFB831F791E2E009EED30 /* XlsxReaderWriter.xcodeproj */;
			proxyType = 2;
			remoteGlobalIDString = 22156D581C46B42500BB5779;
			remoteInfo = "XlsxReaderWriter Mac";
		};
		5D4DFB901F791E3D009EED30 /* PBXContainerItemProxy */ = {
			isa = PBXContainerItemProxy;
			containerPortal = 5D4DFB831F791E2E009EED30 /* XlsxReaderWriter.xcodeproj */;
			proxyType = 1;
			remoteGlobalIDString = 45B6E2391A148F7500288A78;
			remoteInfo = XlsxReaderWriter;
		};
/* End PBXContainerItemProxy section */

/* Begin PBXFileReference section */
		0F779320A529487ECBE3B584 /* Pods-Demo Swift Excel Xlsx Reader WriterUITests.release.xcconfig */ = {isa = PBXFileReference; includeInIndex = 1; lastKnownFileType = text.xcconfig; name = "Pods-Demo Swift Excel Xlsx Reader WriterUITests.release.xcconfig"; path = "Pods/Target Support Files/Pods-Demo Swift Excel Xlsx Reader WriterUITests/Pods-Demo Swift Excel Xlsx Reader WriterUITests.release.xcconfig"; sourceTree = "<group>"; };
		3FAAA31A62FFE4849BCB6D99 /* Pods-Demo Swift Excel Xlsx Reader Writer.debug.xcconfig */ = {isa = PBXFileReference; includeInIndex = 1; lastKnownFileType = text.xcconfig; name = "Pods-Demo Swift Excel Xlsx Reader Writer.debug.xcconfig"; path = "Pods/Target Support Files/Pods-Demo Swift Excel Xlsx Reader Writer/Pods-Demo Swift Excel Xlsx Reader Writer.debug.xcconfig"; sourceTree = "<group>"; };
		5D4DFB521F791E0C009EED30 /* Demo Swift Excel Xlsx Reader Writer.app */ = {isa = PBXFileReference; explicitFileType = wrapper.application; includeInIndex = 0; path = "Demo Swift Excel Xlsx Reader Writer.app"; sourceTree = BUILT_PRODUCTS_DIR; };
		5D4DFB551F791E0C009EED30 /* AppDelegate.swift */ = {isa = PBXFileReference; lastKnownFileType = sourcecode.swift; path = AppDelegate.swift; sourceTree = "<group>"; };
		5D4DFB571F791E0C009EED30 /* ViewController.swift */ = {isa = PBXFileReference; lastKnownFileType = sourcecode.swift; path = ViewController.swift; sourceTree = "<group>"; };
		5D4DFB5A1F791E0C009EED30 /* Base */ = {isa = PBXFileReference; lastKnownFileType = file.storyboard; name = Base; path = Base.lproj/Main.storyboard; sourceTree = "<group>"; };
		5D4DFB5C1F791E0C009EED30 /* Assets.xcassets */ = {isa = PBXFileReference; lastKnownFileType = folder.assetcatalog; path = Assets.xcassets; sourceTree = "<group>"; };
		5D4DFB5F1F791E0C009EED30 /* Base */ = {isa = PBXFileReference; lastKnownFileType = file.storyboard; name = Base; path = Base.lproj/LaunchScreen.storyboard; sourceTree = "<group>"; };
		5D4DFB611F791E0C009EED30 /* Info.plist */ = {isa = PBXFileReference; lastKnownFileType = text.plist.xml; path = Info.plist; sourceTree = "<group>"; };
		5D4DFB661F791E0C009EED30 /* Demo Swift Excel Xlsx Reader WriterTests.xctest */ = {isa = PBXFileReference; explicitFileType = wrapper.cfbundle; includeInIndex = 0; path = "Demo Swift Excel Xlsx Reader WriterTests.xctest"; sourceTree = BUILT_PRODUCTS_DIR; };
		5D4DFB6A1F791E0C009EED30 /* Demo_Swift_Excel_Xlsx_Reader_WriterTests.swift */ = {isa = PBXFileReference; lastKnownFileType = sourcecode.swift; path = Demo_Swift_Excel_Xlsx_Reader_WriterTests.swift; sourceTree = "<group>"; };
		5D4DFB6C1F791E0C009EED30 /* Info.plist */ = {isa = PBXFileReference; lastKnownFileType = text.plist.xml; path = Info.plist; sourceTree = "<group>"; };
		5D4DFB711F791E0C009EED30 /* Demo Swift Excel Xlsx Reader WriterUITests.xctest */ = {isa = PBXFileReference; explicitFileType = wrapper.cfbundle; includeInIndex = 0; path = "Demo Swift Excel Xlsx Reader WriterUITests.xctest"; sourceTree = BUILT_PRODUCTS_DIR; };
		5D4DFB751F791E0C009EED30 /* Demo_Swift_Excel_Xlsx_Reader_WriterUITests.swift */ = {isa = PBXFileReference; lastKnownFileType = sourcecode.swift; path = Demo_Swift_Excel_Xlsx_Reader_WriterUITests.swift; sourceTree = "<group>"; };
		5D4DFB771F791E0C009EED30 /* Info.plist */ = {isa = PBXFileReference; lastKnownFileType = text.plist.xml; path = Info.plist; sourceTree = "<group>"; };
		5D4DFB831F791E2E009EED30 /* XlsxReaderWriter.xcodeproj */ = {isa = PBXFileReference; lastKnownFileType = "wrapper.pb-project"; name = XlsxReaderWriter.xcodeproj; path = XlsxReaderWriter/XlsxReaderWriter.xcodeproj; sourceTree = SOURCE_ROOT; };
		5D4DFB941F791E49009EED30 /* libz.tbd */ = {isa = PBXFileReference; lastKnownFileType = "sourcecode.text-based-dylib-definition"; name = libz.tbd; path = usr/lib/libz.tbd; sourceTree = SDKROOT; };
		5D4DFB971F791FFD009EED30 /* Bridge.h */ = {isa = PBXFileReference; lastKnownFileType = sourcecode.c.h; path = Bridge.h; sourceTree = "<group>"; };
		616362C583DBEFF11A4F9E74 /* Pods-Demo Swift Excel Xlsx Reader WriterTests.debug.xcconfig */ = {isa = PBXFileReference; includeInIndex = 1; lastKnownFileType = text.xcconfig; name = "Pods-Demo Swift Excel Xlsx Reader WriterTests.debug.xcconfig"; path = "Pods/Target Support Files/Pods-Demo Swift Excel Xlsx Reader WriterTests/Pods-Demo Swift Excel Xlsx Reader WriterTests.debug.xcconfig"; sourceTree = "<group>"; };
		87CE2741A49D412C77A644C0 /* Pods-Demo Swift Excel Xlsx Reader WriterTests.release.xcconfig */ = {isa = PBXFileReference; includeInIndex = 1; lastKnownFileType = text.xcconfig; name = "Pods-Demo Swift Excel Xlsx Reader WriterTests.release.xcconfig"; path = "Pods/Target Support Files/Pods-Demo Swift Excel Xlsx Reader WriterTests/Pods-Demo Swift Excel Xlsx Reader WriterTests.release.xcconfig"; sourceTree = "<group>"; };
		A8112DE821355F5800B05921 /* OptionalViewController.swift */ = {isa = PBXFileReference; lastKnownFileType = sourcecode.swift; path = OptionalViewController.swift; sourceTree = "<group>"; };
		A8112DEC21358DE500B05921 /* materialsandpod.xlsx */ = {isa = PBXFileReference; lastKnownFileType = file; path = materialsandpod.xlsx; sourceTree = "<group>"; };
		A836AA6D213B45C100B6C70A /* Check4ViewController.swift */ = {isa = PBXFileReference; lastKnownFileType = sourcecode.swift; path = Check4ViewController.swift; sourceTree = "<group>"; };
		A86618D1212C542F002A52E2 /* Model.xcdatamodel */ = {isa = PBXFileReference; lastKnownFileType = wrapper.xcdatamodel; path = Model.xcdatamodel; sourceTree = "<group>"; };
		A8A0BFF32132939E00A5C8E9 /* Check3ViewController.swift */ = {isa = PBXFileReference; lastKnownFileType = sourcecode.swift; path = Check3ViewController.swift; sourceTree = "<group>"; };
		A8A0CAFF213EAF5B0022D5D0 /* PuskX2.xlsx */ = {isa = PBXFileReference; lastKnownFileType = file; path = PuskX2.xlsx; sourceTree = "<group>"; };
		A8D67A4F2129BA8000D776EB /* MenuViewController.swift */ = {isa = PBXFileReference; fileEncoding = 4; lastKnownFileType = sourcecode.swift; path = MenuViewController.swift; sourceTree = "<group>"; };
		A8D67A522129BA8000D776EB /* BaseViewController.swift */ = {isa = PBXFileReference; fileEncoding = 4; lastKnownFileType = sourcecode.swift; path = BaseViewController.swift; sourceTree = "<group>"; };
		A8D67A552129BF8300D776EB /* Check2ViewController.swift */ = {isa = PBXFileReference; lastKnownFileType = sourcecode.swift; path = Check2ViewController.swift; sourceTree = "<group>"; };
		A8F439B92130590900EC0088 /* stoplist.xlsx */ = {isa = PBXFileReference; lastKnownFileType = file; name = stoplist.xlsx; path = "Demo Swift Excel Xlsx Reader Writer/stoplist.xlsx"; sourceTree = "<group>"; };
		A8F439BC21306E2100EC0088 /* demo.xlsx */ = {isa = PBXFileReference; lastKnownFileType = file; path = demo.xlsx; sourceTree = "<group>"; };
		B86B93955B66DD595CEFFDB3 /* Pods_Demo_Swift_Excel_Xlsx_Reader_Writer.framework */ = {isa = PBXFileReference; explicitFileType = wrapper.framework; includeInIndex = 0; path = Pods_Demo_Swift_Excel_Xlsx_Reader_Writer.framework; sourceTree = BUILT_PRODUCTS_DIR; };
		C8EFA94F10D3B66DC38B2CC1 /* Pods-Demo Swift Excel Xlsx Reader WriterUITests.debug.xcconfig */ = {isa = PBXFileReference; includeInIndex = 1; lastKnownFileType = text.xcconfig; name = "Pods-Demo Swift Excel Xlsx Reader WriterUITests.debug.xcconfig"; path = "Pods/Target Support Files/Pods-Demo Swift Excel Xlsx Reader WriterUITests/Pods-Demo Swift Excel Xlsx Reader WriterUITests.debug.xcconfig"; sourceTree = "<group>"; };
		E823E5100E1136F60D3D3BD5 /* Pods_Demo_Swift_Excel_Xlsx_Reader_WriterUITests.framework */ = {isa = PBXFileReference; explicitFileType = wrapper.framework; includeInIndex = 0; path = Pods_Demo_Swift_Excel_Xlsx_Reader_WriterUITests.framework; sourceTree = BUILT_PRODUCTS_DIR; };
		E91B84C6100B35842B80CAC2 /* Pods-Demo Swift Excel Xlsx Reader Writer.release.xcconfig */ = {isa = PBXFileReference; includeInIndex = 1; lastKnownFileType = text.xcconfig; name = "Pods-Demo Swift Excel Xlsx Reader Writer.release.xcconfig"; path = "Pods/Target Support Files/Pods-Demo Swift Excel Xlsx Reader Writer/Pods-Demo Swift Excel Xlsx Reader Writer.release.xcconfig"; sourceTree = "<group>"; };
		FA899639E75550AC790DB978 /* Pods_Demo_Swift_Excel_Xlsx_Reader_WriterTests.framework */ = {isa = PBXFileReference; explicitFileType = wrapper.framework; includeInIndex = 0; path = Pods_Demo_Swift_Excel_Xlsx_Reader_WriterTests.framework; sourceTree = BUILT_PRODUCTS_DIR; };
/* End PBXFileReference section */

/* Begin PBXFrameworksBuildPhase section */
		5D4DFB4F1F791E0C009EED30 /* Frameworks */ = {
			isa = PBXFrameworksBuildPhase;
			buildActionMask = 2147483647;
			files = (
				5D4DFB951F791E49009EED30 /* libz.tbd in Frameworks */,
				5D4DFB921F791E43009EED30 /* libXlsxReaderWriter.a in Frameworks */,
				D57382969EE3483CB53F286D /* Pods_Demo_Swift_Excel_Xlsx_Reader_Writer.framework in Frameworks */,
			);
			runOnlyForDeploymentPostprocessing = 0;
		};
		5D4DFB631F791E0C009EED30 /* Frameworks */ = {
			isa = PBXFrameworksBuildPhase;
			buildActionMask = 2147483647;
			files = (
				EE63CCD8CF354A4A31F2134F /* Pods_Demo_Swift_Excel_Xlsx_Reader_WriterTests.framework in Frameworks */,
			);
			runOnlyForDeploymentPostprocessing = 0;
		};
		5D4DFB6E1F791E0C009EED30 /* Frameworks */ = {
			isa = PBXFrameworksBuildPhase;
			buildActionMask = 2147483647;
			files = (
				4E9FAE0F70E7F62D4231902B /* Pods_Demo_Swift_Excel_Xlsx_Reader_WriterUITests.framework in Frameworks */,
			);
			runOnlyForDeploymentPostprocessing = 0;
		};
/* End PBXFrameworksBuildPhase section */

/* Begin PBXGroup section */
		188529EE3B2239F5EF8020DB /* Pods */ = {
			isa = PBXGroup;
			children = (
				3FAAA31A62FFE4849BCB6D99 /* Pods-Demo Swift Excel Xlsx Reader Writer.debug.xcconfig */,
				E91B84C6100B35842B80CAC2 /* Pods-Demo Swift Excel Xlsx Reader Writer.release.xcconfig */,
				616362C583DBEFF11A4F9E74 /* Pods-Demo Swift Excel Xlsx Reader WriterTests.debug.xcconfig */,
				87CE2741A49D412C77A644C0 /* Pods-Demo Swift Excel Xlsx Reader WriterTests.release.xcconfig */,
				C8EFA94F10D3B66DC38B2CC1 /* Pods-Demo Swift Excel Xlsx Reader WriterUITests.debug.xcconfig */,
				0F779320A529487ECBE3B584 /* Pods-Demo Swift Excel Xlsx Reader WriterUITests.release.xcconfig */,
			);
			name = Pods;
			sourceTree = "<group>";
		};
		5D4DFB491F791E0C009EED30 = {
			isa = PBXGroup;
			children = (
				A8A0CAFF213EAF5B0022D5D0 /* PuskX2.xlsx */,
				A8112DEC21358DE500B05921 /* materialsandpod.xlsx */,
				A8F439BC21306E2100EC0088 /* demo.xlsx */,
				A8F439B92130590900EC0088 /* stoplist.xlsx */,
				5D4DFB971F791FFD009EED30 /* Bridge.h */,
				5D4DFB541F791E0C009EED30 /* Demo Swift Excel Xlsx Reader Writer */,
				5D4DFB691F791E0C009EED30 /* Demo Swift Excel Xlsx Reader WriterTests */,
				5D4DFB741F791E0C009EED30 /* Demo Swift Excel Xlsx Reader WriterUITests */,
				5D4DFB531F791E0C009EED30 /* Products */,
				5D4DFB931F791E49009EED30 /* Frameworks */,
				188529EE3B2239F5EF8020DB /* Pods */,
			);
			sourceTree = "<group>";
		};
		5D4DFB531F791E0C009EED30 /* Products */ = {
			isa = PBXGroup;
			children = (
				5D4DFB521F791E0C009EED30 /* Demo Swift Excel Xlsx Reader Writer.app */,
				5D4DFB661F791E0C009EED30 /* Demo Swift Excel Xlsx Reader WriterTests.xctest */,
				5D4DFB711F791E0C009EED30 /* Demo Swift Excel Xlsx Reader WriterUITests.xctest */,
			);
			name = Products;
			sourceTree = "<group>";
		};
		5D4DFB541F791E0C009EED30 /* Demo Swift Excel Xlsx Reader Writer */ = {
			isa = PBXGroup;
			children = (
				A8D67A522129BA8000D776EB /* BaseViewController.swift */,
				A8D67A4F2129BA8000D776EB /* MenuViewController.swift */,
				5D4DFB831F791E2E009EED30 /* XlsxReaderWriter.xcodeproj */,
				5D4DFB551F791E0C009EED30 /* AppDelegate.swift */,
				5D4DFB571F791E0C009EED30 /* ViewController.swift */,
				5D4DFB591F791E0C009EED30 /* Main.storyboard */,
				5D4DFB5C1F791E0C009EED30 /* Assets.xcassets */,
				5D4DFB5E1F791E0C009EED30 /* LaunchScreen.storyboard */,
				5D4DFB611F791E0C009EED30 /* Info.plist */,
				A8D67A552129BF8300D776EB /* Check2ViewController.swift */,
				A86618D0212C542F002A52E2 /* Model.xcdatamodeld */,
				A8A0BFF32132939E00A5C8E9 /* Check3ViewController.swift */,
				A8112DE821355F5800B05921 /* OptionalViewController.swift */,
				A836AA6D213B45C100B6C70A /* Check4ViewController.swift */,
			);
			path = "Demo Swift Excel Xlsx Reader Writer";
			sourceTree = "<group>";
		};
		5D4DFB691F791E0C009EED30 /* Demo Swift Excel Xlsx Reader WriterTests */ = {
			isa = PBXGroup;
			children = (
				5D4DFB6A1F791E0C009EED30 /* Demo_Swift_Excel_Xlsx_Reader_WriterTests.swift */,
				5D4DFB6C1F791E0C009EED30 /* Info.plist */,
			);
			path = "Demo Swift Excel Xlsx Reader WriterTests";
			sourceTree = "<group>";
		};
		5D4DFB741F791E0C009EED30 /* Demo Swift Excel Xlsx Reader WriterUITests */ = {
			isa = PBXGroup;
			children = (
				5D4DFB751F791E0C009EED30 /* Demo_Swift_Excel_Xlsx_Reader_WriterUITests.swift */,
				5D4DFB771F791E0C009EED30 /* Info.plist */,
			);
			path = "Demo Swift Excel Xlsx Reader WriterUITests";
			sourceTree = "<group>";
		};
		5D4DFB841F791E2E009EED30 /* Products */ = {
			isa = PBXGroup;
			children = (
				5D4DFB8B1F791E2F009EED30 /* libXlsxReaderWriter.a */,
				5D4DFB8D1F791E2F009EED30 /* XlsxReaderWriterTests.xctest */,
				5D4DFB8F1F791E2F009EED30 /* XlsxReaderWriter.framework */,
			);
			name = Products;
			sourceTree = "<group>";
		};
		5D4DFB931F791E49009EED30 /* Frameworks */ = {
			isa = PBXGroup;
			children = (
				5D4DFB941F791E49009EED30 /* libz.tbd */,
				B86B93955B66DD595CEFFDB3 /* Pods_Demo_Swift_Excel_Xlsx_Reader_Writer.framework */,
				FA899639E75550AC790DB978 /* Pods_Demo_Swift_Excel_Xlsx_Reader_WriterTests.framework */,
				E823E5100E1136F60D3D3BD5 /* Pods_Demo_Swift_Excel_Xlsx_Reader_WriterUITests.framework */,
			);
			name = Frameworks;
			sourceTree = "<group>";
		};
/* End PBXGroup section */

/* Begin PBXNativeTarget section */
		5D4DFB511F791E0C009EED30 /* Demo Swift Excel Xlsx Reader Writer */ = {
			isa = PBXNativeTarget;
			buildConfigurationList = 5D4DFB7A1F791E0C009EED30 /* Build configuration list for PBXNativeTarget "Demo Swift Excel Xlsx Reader Writer" */;
			buildPhases = (
				C75B6E1BAB19883F5C8EA175 /* [CP] Check Pods Manifest.lock */,
				5D4DFB4E1F791E0C009EED30 /* Sources */,
				5D4DFB4F1F791E0C009EED30 /* Frameworks */,
				5D4DFB501F791E0C009EED30 /* Resources */,
				8175F37B2F83047D0D9B3C91 /* [CP] Embed Pods Frameworks */,
			);
			buildRules = (
			);
			dependencies = (
				5D4DFB911F791E3D009EED30 /* PBXTargetDependency */,
			);
			name = "Demo Swift Excel Xlsx Reader Writer";
			productName = "Demo Swift Excel Xlsx Reader Writer";
			productReference = 5D4DFB521F791E0C009EED30 /* Demo Swift Excel Xlsx Reader Writer.app */;
			productType = "com.apple.product-type.application";
		};
		5D4DFB651F791E0C009EED30 /* Demo Swift Excel Xlsx Reader WriterTests */ = {
			isa = PBXNativeTarget;
			buildConfigurationList = 5D4DFB7D1F791E0C009EED30 /* Build configuration list for PBXNativeTarget "Demo Swift Excel Xlsx Reader WriterTests" */;
			buildPhases = (
				1F7AC93276C9DEAF94200776 /* [CP] Check Pods Manifest.lock */,
				5D4DFB621F791E0C009EED30 /* Sources */,
				5D4DFB631F791E0C009EED30 /* Frameworks */,
				5D4DFB641F791E0C009EED30 /* Resources */,
			);
			buildRules = (
			);
			dependencies = (
				5D4DFB681F791E0C009EED30 /* PBXTargetDependency */,
			);
			name = "Demo Swift Excel Xlsx Reader WriterTests";
			productName = "Demo Swift Excel Xlsx Reader WriterTests";
			productReference = 5D4DFB661F791E0C009EED30 /* Demo Swift Excel Xlsx Reader WriterTests.xctest */;
			productType = "com.apple.product-type.bundle.unit-test";
		};
		5D4DFB701F791E0C009EED30 /* Demo Swift Excel Xlsx Reader WriterUITests */ = {
			isa = PBXNativeTarget;
			buildConfigurationList = 5D4DFB801F791E0C009EED30 /* Build configuration list for PBXNativeTarget "Demo Swift Excel Xlsx Reader WriterUITests" */;
			buildPhases = (
				6C7A5ACDCCD9907BDDD29C2B /* [CP] Check Pods Manifest.lock */,
				5D4DFB6D1F791E0C009EED30 /* Sources */,
				5D4DFB6E1F791E0C009EED30 /* Frameworks */,
				5D4DFB6F1F791E0C009EED30 /* Resources */,
			);
			buildRules = (
			);
			dependencies = (
				5D4DFB731F791E0C009EED30 /* PBXTargetDependency */,
			);
			name = "Demo Swift Excel Xlsx Reader WriterUITests";
			productName = "Demo Swift Excel Xlsx Reader WriterUITests";
			productReference = 5D4DFB711F791E0C009EED30 /* Demo Swift Excel Xlsx Reader WriterUITests.xctest */;
			productType = "com.apple.product-type.bundle.ui-testing";
		};
/* End PBXNativeTarget section */

/* Begin PBXProject section */
		5D4DFB4A1F791E0C009EED30 /* Project object */ = {
			isa = PBXProject;
			attributes = {
				LastSwiftUpdateCheck = 0830;
				LastUpgradeCheck = 0830;
				ORGANIZATIONNAME = JoelParkerHenderson.com;
				TargetAttributes = {
					5D4DFB511F791E0C009EED30 = {
						CreatedOnToolsVersion = 8.3.3;
						DevelopmentTeam = 7HM9W3RF4J;
						ProvisioningStyle = Automatic;
					};
					5D4DFB651F791E0C009EED30 = {
						CreatedOnToolsVersion = 8.3.3;
						ProvisioningStyle = Automatic;
						TestTargetID = 5D4DFB511F791E0C009EED30;
					};
					5D4DFB701F791E0C009EED30 = {
						CreatedOnToolsVersion = 8.3.3;
						ProvisioningStyle = Automatic;
						TestTargetID = 5D4DFB511F791E0C009EED30;
					};
				};
			};
			buildConfigurationList = 5D4DFB4D1F791E0C009EED30 /* Build configuration list for PBXProject "Demo Swift Excel Xlsx Reader Writer" */;
			compatibilityVersion = "Xcode 3.2";
			developmentRegion = English;
			hasScannedForEncodings = 0;
			knownRegions = (
				en,
				Base,
			);
			mainGroup = 5D4DFB491F791E0C009EED30;
			productRefGroup = 5D4DFB531F791E0C009EED30 /* Products */;
			projectDirPath = "";
			projectReferences = (
				{
					ProductGroup = 5D4DFB841F791E2E009EED30 /* Products */;
					ProjectRef = 5D4DFB831F791E2E009EED30 /* XlsxReaderWriter.xcodeproj */;
				},
			);
			projectRoot = "";
			targets = (
				5D4DFB511F791E0C009EED30 /* Demo Swift Excel Xlsx Reader Writer */,
				5D4DFB651F791E0C009EED30 /* Demo Swift Excel Xlsx Reader WriterTests */,
				5D4DFB701F791E0C009EED30 /* Demo Swift Excel Xlsx Reader WriterUITests */,
			);
		};
/* End PBXProject section */

/* Begin PBXReferenceProxy section */
		5D4DFB8B1F791E2F009EED30 /* libXlsxReaderWriter.a */ = {
			isa = PBXReferenceProxy;
			fileType = archive.ar;
			path = libXlsxReaderWriter.a;
			remoteRef = 5D4DFB8A1F791E2F009EED30 /* PBXContainerItemProxy */;
			sourceTree = BUILT_PRODUCTS_DIR;
		};
		5D4DFB8D1F791E2F009EED30 /* XlsxReaderWriterTests.xctest */ = {
			isa = PBXReferenceProxy;
			fileType = wrapper.cfbundle;
			path = XlsxReaderWriterTests.xctest;
			remoteRef = 5D4DFB8C1F791E2F009EED30 /* PBXContainerItemProxy */;
			sourceTree = BUILT_PRODUCTS_DIR;
		};
		5D4DFB8F1F791E2F009EED30 /* XlsxReaderWriter.framework */ = {
			isa = PBXReferenceProxy;
			fileType = wrapper.framework;
			path = XlsxReaderWriter.framework;
			remoteRef = 5D4DFB8E1F791E2F009EED30 /* PBXContainerItemProxy */;
			sourceTree = BUILT_PRODUCTS_DIR;
		};
/* End PBXReferenceProxy section */

/* Begin PBXResourcesBuildPhase section */
		5D4DFB501F791E0C009EED30 /* Resources */ = {
			isa = PBXResourcesBuildPhase;
			buildActionMask = 2147483647;
			files = (
				A8A0CB02213EAF770022D5D0 /* PuskX2.xlsx in Resources */,
				A836AA6A213B450600B6C70A /* demo.xlsx in Resources */,
				A8112DED21358DED00B05921 /* materialsandpod.xlsx in Resources */,
				A8F439C421307EA600EC0088 /* stoplist.xlsx in Resources */,
				5D4DFB601F791E0C009EED30 /* LaunchScreen.storyboard in Resources */,
				5D4DFB5D1F791E0C009EED30 /* Assets.xcassets in Resources */,
				5D4DFB5B1F791E0C009EED30 /* Main.storyboard in Resources */,
			);
			runOnlyForDeploymentPostprocessing = 0;
		};
		5D4DFB641F791E0C009EED30 /* Resources */ = {
			isa = PBXResourcesBuildPhase;
			buildActionMask = 2147483647;
			files = (
			);
			runOnlyForDeploymentPostprocessing = 0;
		};
		5D4DFB6F1F791E0C009EED30 /* Resources */ = {
			isa = PBXResourcesBuildPhase;
			buildActionMask = 2147483647;
			files = (
			);
			runOnlyForDeploymentPostprocessing = 0;
		};
/* End PBXResourcesBuildPhase section */

/* Begin PBXShellScriptBuildPhase section */
		1F7AC93276C9DEAF94200776 /* [CP] Check Pods Manifest.lock */ = {
			isa = PBXShellScriptBuildPhase;
			buildActionMask = 2147483647;
			files = (
			);
			inputPaths = (
				"${PODS_PODFILE_DIR_PATH}/Podfile.lock",
				"${PODS_ROOT}/Manifest.lock",
			);
			name = "[CP] Check Pods Manifest.lock";
			outputPaths = (
				"$(DERIVED_FILE_DIR)/Pods-Demo Swift Excel Xlsx Reader WriterTests-checkManifestLockResult.txt",
			);
			runOnlyForDeploymentPostprocessing = 0;
			shellPath = /bin/sh;
			shellScript = "diff \"${PODS_PODFILE_DIR_PATH}/Podfile.lock\" \"${PODS_ROOT}/Manifest.lock\" > /dev/null\nif [ $? != 0 ] ; then\n    # print error to STDERR\n    echo \"error: The sandbox is not in sync with the Podfile.lock. Run 'pod install' or update your CocoaPods installation.\" >&2\n    exit 1\nfi\n# This output is used by Xcode 'outputs' to avoid re-running this script phase.\necho \"SUCCESS\" > \"${SCRIPT_OUTPUT_FILE_0}\"\n";
			showEnvVarsInLog = 0;
		};
		6C7A5ACDCCD9907BDDD29C2B /* [CP] Check Pods Manifest.lock */ = {
			isa = PBXShellScriptBuildPhase;
			buildActionMask = 2147483647;
			files = (
			);
			inputPaths = (
				"${PODS_PODFILE_DIR_PATH}/Podfile.lock",
				"${PODS_ROOT}/Manifest.lock",
			);
			name = "[CP] Check Pods Manifest.lock";
			outputPaths = (
				"$(DERIVED_FILE_DIR)/Pods-Demo Swift Excel Xlsx Reader WriterUITests-checkManifestLockResult.txt",
			);
			runOnlyForDeploymentPostprocessing = 0;
			shellPath = /bin/sh;
			shellScript = "diff \"${PODS_PODFILE_DIR_PATH}/Podfile.lock\" \"${PODS_ROOT}/Manifest.lock\" > /dev/null\nif [ $? != 0 ] ; then\n    # print error to STDERR\n    echo \"error: The sandbox is not in sync with the Podfile.lock. Run 'pod install' or update your CocoaPods installation.\" >&2\n    exit 1\nfi\n# This output is used by Xcode 'outputs' to avoid re-running this script phase.\necho \"SUCCESS\" > \"${SCRIPT_OUTPUT_FILE_0}\"\n";
			showEnvVarsInLog = 0;
		};
		8175F37B2F83047D0D9B3C91 /* [CP] Embed Pods Frameworks */ = {
			isa = PBXShellScriptBuildPhase;
			buildActionMask = 2147483647;
			files = (
			);
			inputPaths = (
				"${SRCROOT}/Pods/Target Support Files/Pods-Demo Swift Excel Xlsx Reader Writer/Pods-Demo Swift Excel Xlsx Reader Writer-frameworks.sh",
				"${BUILT_PRODUCTS_DIR}/SearchTextField/SearchTextField.framework",
			);
			name = "[CP] Embed Pods Frameworks";
			outputPaths = (
				"${TARGET_BUILD_DIR}/${FRAMEWORKS_FOLDER_PATH}/SearchTextField.framework",
			);
			runOnlyForDeploymentPostprocessing = 0;
			shellPath = /bin/sh;
			shellScript = "\"${SRCROOT}/Pods/Target Support Files/Pods-Demo Swift Excel Xlsx Reader Writer/Pods-Demo Swift Excel Xlsx Reader Writer-frameworks.sh\"\n";
			showEnvVarsInLog = 0;
		};
		C75B6E1BAB19883F5C8EA175 /* [CP] Check Pods Manifest.lock */ = {
			isa = PBXShellScriptBuildPhase;
			buildActionMask = 2147483647;
			files = (
			);
			inputPaths = (
				"${PODS_PODFILE_DIR_PATH}/Podfile.lock",
				"${PODS_ROOT}/Manifest.lock",
			);
			name = "[CP] Check Pods Manifest.lock";
			outputPaths = (
				"$(DERIVED_FILE_DIR)/Pods-Demo Swift Excel Xlsx Reader Writer-checkManifestLockResult.txt",
			);
			runOnlyForDeploymentPostprocessing = 0;
			shellPath = /bin/sh;
			shellScript = "diff \"${PODS_PODFILE_DIR_PATH}/Podfile.lock\" \"${PODS_ROOT}/Manifest.lock\" > /dev/null\nif [ $? != 0 ] ; then\n    # print error to STDERR\n    echo \"error: The sandbox is not in sync with the Podfile.lock. Run 'pod install' or update your CocoaPods installation.\" >&2\n    exit 1\nfi\n# This output is used by Xcode 'outputs' to avoid re-running this script phase.\necho \"SUCCESS\" > \"${SCRIPT_OUTPUT_FILE_0}\"\n";
			showEnvVarsInLog = 0;
		};
/* End PBXShellScriptBuildPhase section */

/* Begin PBXSourcesBuildPhase section */
		5D4DFB4E1F791E0C009EED30 /* Sources */ = {
			isa = PBXSourcesBuildPhase;
			buildActionMask = 2147483647;
			files = (
				A8D67A562129BF8300D776EB /* Check2ViewController.swift in Sources */,
				5D4DFB581F791E0C009EED30 /* ViewController.swift in Sources */,
				A8A0BFF42132939E00A5C8E9 /* Check3ViewController.swift in Sources */,
				A8D67A542129BA8100D776EB /* BaseViewController.swift in Sources */,
				A8112DE921355F5800B05921 /* OptionalViewController.swift in Sources */,
				A836AA6E213B45C100B6C70A /* Check4ViewController.swift in Sources */,
				A8D67A532129BA8100D776EB /* MenuViewController.swift in Sources */,
				5D4DFB561F791E0C009EED30 /* AppDelegate.swift in Sources */,
				A86618D2212C542F002A52E2 /* Model.xcdatamodeld in Sources */,
			);
			runOnlyForDeploymentPostprocessing = 0;
		};
		5D4DFB621F791E0C009EED30 /* Sources */ = {
			isa = PBXSourcesBuildPhase;
			buildActionMask = 2147483647;
			files = (
				5D4DFB6B1F791E0C009EED30 /* Demo_Swift_Excel_Xlsx_Reader_WriterTests.swift in Sources */,
			);
			runOnlyForDeploymentPostprocessing = 0;
		};
		5D4DFB6D1F791E0C009EED30 /* Sources */ = {
			isa = PBXSourcesBuildPhase;
			buildActionMask = 2147483647;
			files = (
				5D4DFB761F791E0C009EED30 /* Demo_Swift_Excel_Xlsx_Reader_WriterUITests.swift in Sources */,
			);
			runOnlyForDeploymentPostprocessing = 0;
		};
/* End PBXSourcesBuildPhase section */

/* Begin PBXTargetDependency section */
		5D4DFB681F791E0C009EED30 /* PBXTargetDependency */ = {
			isa = PBXTargetDependency;
			target = 5D4DFB511F791E0C009EED30 /* Demo Swift Excel Xlsx Reader Writer */;
			targetProxy = 5D4DFB671F791E0C009EED30 /* PBXContainerItemProxy */;
		};
		5D4DFB731F791E0C009EED30 /* PBXTargetDependency */ = {
			isa = PBXTargetDependency;
			target = 5D4DFB511F791E0C009EED30 /* Demo Swift Excel Xlsx Reader Writer */;
			targetProxy = 5D4DFB721F791E0C009EED30 /* PBXContainerItemProxy */;
		};
		5D4DFB911F791E3D009EED30 /* PBXTargetDependency */ = {
			isa = PBXTargetDependency;
			name = XlsxReaderWriter;
			targetProxy = 5D4DFB901F791E3D009EED30 /* PBXContainerItemProxy */;
		};
/* End PBXTargetDependency section */

/* Begin PBXVariantGroup section */
		5D4DFB591F791E0C009EED30 /* Main.storyboard */ = {
			isa = PBXVariantGroup;
			children = (
				5D4DFB5A1F791E0C009EED30 /* Base */,
			);
			name = Main.storyboard;
			sourceTree = "<group>";
		};
		5D4DFB5E1F791E0C009EED30 /* LaunchScreen.storyboard */ = {
			isa = PBXVariantGroup;
			children = (
				5D4DFB5F1F791E0C009EED30 /* Base */,
			);
			name = LaunchScreen.storyboard;
			sourceTree = "<group>";
		};
/* End PBXVariantGroup section */

/* Begin XCBuildConfiguration section */
		5D4DFB781F791E0C009EED30 /* Debug */ = {
			isa = XCBuildConfiguration;
			buildSettings = {
				ALWAYS_SEARCH_USER_PATHS = NO;
				CLANG_ANALYZER_NONNULL = YES;
				CLANG_ANALYZER_NUMBER_OBJECT_CONVERSION = YES_AGGRESSIVE;
				CLANG_CXX_LANGUAGE_STANDARD = "gnu++0x";
				CLANG_CXX_LIBRARY = "libc++";
				CLANG_ENABLE_MODULES = YES;
				CLANG_ENABLE_OBJC_ARC = YES;
				CLANG_WARN_BOOL_CONVERSION = YES;
				CLANG_WARN_CONSTANT_CONVERSION = YES;
				CLANG_WARN_DIRECT_OBJC_ISA_USAGE = YES_ERROR;
				CLANG_WARN_DOCUMENTATION_COMMENTS = YES;
				CLANG_WARN_EMPTY_BODY = YES;
				CLANG_WARN_ENUM_CONVERSION = YES;
				CLANG_WARN_INFINITE_RECURSION = YES;
				CLANG_WARN_INT_CONVERSION = YES;
				CLANG_WARN_OBJC_ROOT_CLASS = YES_ERROR;
				CLANG_WARN_SUSPICIOUS_MOVE = YES;
				CLANG_WARN_UNREACHABLE_CODE = YES;
				CLANG_WARN__DUPLICATE_METHOD_MATCH = YES;
				"CODE_SIGN_IDENTITY[sdk=iphoneos*]" = "iPhone Developer";
				COPY_PHASE_STRIP = NO;
				DEBUG_INFORMATION_FORMAT = dwarf;
				ENABLE_STRICT_OBJC_MSGSEND = YES;
				ENABLE_TESTABILITY = YES;
				GCC_C_LANGUAGE_STANDARD = gnu99;
				GCC_DYNAMIC_NO_PIC = NO;
				GCC_NO_COMMON_BLOCKS = YES;
				GCC_OPTIMIZATION_LEVEL = 0;
				GCC_PREPROCESSOR_DEFINITIONS = (
					"DEBUG=1",
					"$(inherited)",
				);
				GCC_WARN_64_TO_32_BIT_CONVERSION = YES;
				GCC_WARN_ABOUT_RETURN_TYPE = YES_ERROR;
				GCC_WARN_UNDECLARED_SELECTOR = YES;
				GCC_WARN_UNINITIALIZED_AUTOS = YES_AGGRESSIVE;
				GCC_WARN_UNUSED_FUNCTION = YES;
				GCC_WARN_UNUSED_VARIABLE = YES;
				IPHONEOS_DEPLOYMENT_TARGET = 10.3;
				MTL_ENABLE_DEBUG_INFO = YES;
				ONLY_ACTIVE_ARCH = YES;
				SDKROOT = iphoneos;
				SWIFT_ACTIVE_COMPILATION_CONDITIONS = DEBUG;
				SWIFT_OPTIMIZATION_LEVEL = "-Onone";
				TARGETED_DEVICE_FAMILY = "1,2";
			};
			name = Debug;
		};
		5D4DFB791F791E0C009EED30 /* Release */ = {
			isa = XCBuildConfiguration;
			buildSettings = {
				ALWAYS_SEARCH_USER_PATHS = NO;
				CLANG_ANALYZER_NONNULL = YES;
				CLANG_ANALYZER_NUMBER_OBJECT_CONVERSION = YES_AGGRESSIVE;
				CLANG_CXX_LANGUAGE_STANDARD = "gnu++0x";
				CLANG_CXX_LIBRARY = "libc++";
				CLANG_ENABLE_MODULES = YES;
				CLANG_ENABLE_OBJC_ARC = YES;
				CLANG_WARN_BOOL_CONVERSION = YES;
				CLANG_WARN_CONSTANT_CONVERSION = YES;
				CLANG_WARN_DIRECT_OBJC_ISA_USAGE = YES_ERROR;
				CLANG_WARN_DOCUMENTATION_COMMENTS = YES;
				CLANG_WARN_EMPTY_BODY = YES;
				CLANG_WARN_ENUM_CONVERSION = YES;
				CLANG_WARN_INFINITE_RECURSION = YES;
				CLANG_WARN_INT_CONVERSION = YES;
				CLANG_WARN_OBJC_ROOT_CLASS = YES_ERROR;
				CLANG_WARN_SUSPICIOUS_MOVE = YES;
				CLANG_WARN_UNREACHABLE_CODE = YES;
				CLANG_WARN__DUPLICATE_METHOD_MATCH = YES;
				"CODE_SIGN_IDENTITY[sdk=iphoneos*]" = "iPhone Developer";
				COPY_PHASE_STRIP = NO;
				DEBUG_INFORMATION_FORMAT = "dwarf-with-dsym";
				ENABLE_NS_ASSERTIONS = NO;
				ENABLE_STRICT_OBJC_MSGSEND = YES;
				GCC_C_LANGUAGE_STANDARD = gnu99;
				GCC_NO_COMMON_BLOCKS = YES;
				GCC_WARN_64_TO_32_BIT_CONVERSION = YES;
				GCC_WARN_ABOUT_RETURN_TYPE = YES_ERROR;
				GCC_WARN_UNDECLARED_SELECTOR = YES;
				GCC_WARN_UNINITIALIZED_AUTOS = YES_AGGRESSIVE;
				GCC_WARN_UNUSED_FUNCTION = YES;
				GCC_WARN_UNUSED_VARIABLE = YES;
				IPHONEOS_DEPLOYMENT_TARGET = 10.3;
				MTL_ENABLE_DEBUG_INFO = NO;
				SDKROOT = iphoneos;
				SWIFT_OPTIMIZATION_LEVEL = "-Owholemodule";
				TARGETED_DEVICE_FAMILY = "1,2";
				VALIDATE_PRODUCT = YES;
			};
			name = Release;
		};
		5D4DFB7B1F791E0C009EED30 /* Debug */ = {
			isa = XCBuildConfiguration;
			baseConfigurationReference = 3FAAA31A62FFE4849BCB6D99 /* Pods-Demo Swift Excel Xlsx Reader Writer.debug.xcconfig */;
			buildSettings = {
				ASSETCATALOG_COMPILER_APPICON_NAME = AppIcon;
				ASSETCATALOG_COMPILER_LAUNCHIMAGE_NAME = LaunchImage;
				CODE_SIGN_IDENTITY = "iPhone Developer";
				"CODE_SIGN_IDENTITY[sdk=iphoneos*]" = "iPhone Developer";
				CODE_SIGN_STYLE = Automatic;
				DEVELOPMENT_TEAM = 7HM9W3RF4J;
				INFOPLIST_FILE = "Demo Swift Excel Xlsx Reader Writer/Info.plist";
				LD_RUNPATH_SEARCH_PATHS = "$(inherited) @executable_path/Frameworks";
				"OTHER_LDFLAGS[arch=*]" = "-all_load";
				PRODUCT_BUNDLE_IDENTIFIER = com.rep.henkelok;
				PRODUCT_NAME = "$(TARGET_NAME)";
				PROVISIONING_PROFILE_SPECIFIER = "";
				"SWIFT_OBJC_BRIDGING_HEADER[arch=*]" = Bridge.h;
				SWIFT_OPTIMIZATION_LEVEL = "-Onone";
				SWIFT_VERSION = 3.0;
				TARGETED_DEVICE_FAMILY = 2;
				"USER_HEADER_SEARCH_PATHS[arch=*]" = "$(SRCROOT)/XlsxReaderWriter/**";
			};
			name = Debug;
		};
		5D4DFB7C1F791E0C009EED30 /* Release */ = {
			isa = XCBuildConfiguration;
			baseConfigurationReference = E91B84C6100B35842B80CAC2 /* Pods-Demo Swift Excel Xlsx Reader Writer.release.xcconfig */;
			buildSettings = {
				ASSETCATALOG_COMPILER_APPICON_NAME = AppIcon;
				ASSETCATALOG_COMPILER_LAUNCHIMAGE_NAME = LaunchImage;
				CODE_SIGN_IDENTITY = "iPhone Developer";
				"CODE_SIGN_IDENTITY[sdk=iphoneos*]" = "iPhone Developer";
				CODE_SIGN_STYLE = Automatic;
				DEVELOPMENT_TEAM = 7HM9W3RF4J;
				INFOPLIST_FILE = "Demo Swift Excel Xlsx Reader Writer/Info.plist";
				LD_RUNPATH_SEARCH_PATHS = "$(inherited) @executable_path/Frameworks";
				"OTHER_LDFLAGS[arch=*]" = "-all_load";
				PRODUCT_BUNDLE_IDENTIFIER = com.rep.henkelok;
				PRODUCT_NAME = "$(TARGET_NAME)";
				PROVISIONING_PROFILE_SPECIFIER = "";
				"SWIFT_OBJC_BRIDGING_HEADER[arch=*]" = Bridge.h;
				SWIFT_OPTIMIZATION_LEVEL = "-Onone";
				SWIFT_VERSION = 3.0;
				TARGETED_DEVICE_FAMILY = 2;
				"USER_HEADER_SEARCH_PATHS[arch=*]" = "$(SRCROOT)/XlsxReaderWriter/**";
			};
			name = Release;
		};
		5D4DFB7E1F791E0C009EED30 /* Debug */ = {
			isa = XCBuildConfiguration;
			baseConfigurationReference = 616362C583DBEFF11A4F9E74 /* Pods-Demo Swift Excel Xlsx Reader WriterTests.debug.xcconfig */;
			buildSettings = {
				ALWAYS_EMBED_SWIFT_STANDARD_LIBRARIES = YES;
				BUNDLE_LOADER = "$(TEST_HOST)";
				INFOPLIST_FILE = "Demo Swift Excel Xlsx Reader WriterTests/Info.plist";
				LD_RUNPATH_SEARCH_PATHS = "$(inherited) @executable_path/Frameworks @loader_path/Frameworks";
				PRODUCT_BUNDLE_IDENTIFIER = "com.joelparkerhenderson.Demo-Swift-Excel-Xlsx-Reader-WriterTests";
				PRODUCT_NAME = "$(TARGET_NAME)";
				SWIFT_VERSION = 3.0;
				TEST_HOST = "$(BUILT_PRODUCTS_DIR)/Demo Swift Excel Xlsx Reader Writer.app/Demo Swift Excel Xlsx Reader Writer";
			};
			name = Debug;
		};
		5D4DFB7F1F791E0C009EED30 /* Release */ = {
			isa = XCBuildConfiguration;
			baseConfigurationReference = 87CE2741A49D412C77A644C0 /* Pods-Demo Swift Excel Xlsx Reader WriterTests.release.xcconfig */;
			buildSettings = {
				ALWAYS_EMBED_SWIFT_STANDARD_LIBRARIES = YES;
				BUNDLE_LOADER = "$(TEST_HOST)";
				INFOPLIST_FILE = "Demo Swift Excel Xlsx Reader WriterTests/Info.plist";
				LD_RUNPATH_SEARCH_PATHS = "$(inherited) @executable_path/Frameworks @loader_path/Frameworks";
				PRODUCT_BUNDLE_IDENTIFIER = "com.joelparkerhenderson.Demo-Swift-Excel-Xlsx-Reader-WriterTests";
				PRODUCT_NAME = "$(TARGET_NAME)";
				SWIFT_VERSION = 3.0;
				TEST_HOST = "$(BUILT_PRODUCTS_DIR)/Demo Swift Excel Xlsx Reader Writer.app/Demo Swift Excel Xlsx Reader Writer";
			};
			name = Release;
		};
		5D4DFB811F791E0C009EED30 /* Debug */ = {
			isa = XCBuildConfiguration;
			baseConfigurationReference = C8EFA94F10D3B66DC38B2CC1 /* Pods-Demo Swift Excel Xlsx Reader WriterUITests.debug.xcconfig */;
			buildSettings = {
				ALWAYS_EMBED_SWIFT_STANDARD_LIBRARIES = YES;
				INFOPLIST_FILE = "Demo Swift Excel Xlsx Reader WriterUITests/Info.plist";
				LD_RUNPATH_SEARCH_PATHS = "$(inherited) @executable_path/Frameworks @loader_path/Frameworks";
				PRODUCT_BUNDLE_IDENTIFIER = "com.joelparkerhenderson.Demo-Swift-Excel-Xlsx-Reader-WriterUITests";
				PRODUCT_NAME = "$(TARGET_NAME)";
				SWIFT_VERSION = 3.0;
				TEST_TARGET_NAME = "Demo Swift Excel Xlsx Reader Writer";
			};
			name = Debug;
		};
		5D4DFB821F791E0C009EED30 /* Release */ = {
			isa = XCBuildConfiguration;
			baseConfigurationReference = 0F779320A529487ECBE3B584 /* Pods-Demo Swift Excel Xlsx Reader WriterUITests.release.xcconfig */;
			buildSettings = {
				ALWAYS_EMBED_SWIFT_STANDARD_LIBRARIES = YES;
				INFOPLIST_FILE = "Demo Swift Excel Xlsx Reader WriterUITests/Info.plist";
				LD_RUNPATH_SEARCH_PATHS = "$(inherited) @executable_path/Frameworks @loader_path/Frameworks";
				PRODUCT_BUNDLE_IDENTIFIER = "com.joelparkerhenderson.Demo-Swift-Excel-Xlsx-Reader-WriterUITests";
				PRODUCT_NAME = "$(TARGET_NAME)";
				SWIFT_VERSION = 3.0;
				TEST_TARGET_NAME = "Demo Swift Excel Xlsx Reader Writer";
			};
			name = Release;
		};
/* End XCBuildConfiguration section */

/* Begin XCConfigurationList section */
		5D4DFB4D1F791E0C009EED30 /* Build configuration list for PBXProject "Demo Swift Excel Xlsx Reader Writer" */ = {
			isa = XCConfigurationList;
			buildConfigurations = (
				5D4DFB781F791E0C009EED30 /* Debug */,
				5D4DFB791F791E0C009EED30 /* Release */,
			);
			defaultConfigurationIsVisible = 0;
			defaultConfigurationName = Release;
		};
		5D4DFB7A1F791E0C009EED30 /* Build configuration list for PBXNativeTarget "Demo Swift Excel Xlsx Reader Writer" */ = {
			isa = XCConfigurationList;
			buildConfigurations = (
				5D4DFB7B1F791E0C009EED30 /* Debug */,
				5D4DFB7C1F791E0C009EED30 /* Release */,
			);
			defaultConfigurationIsVisible = 0;
			defaultConfigurationName = Release;
		};
		5D4DFB7D1F791E0C009EED30 /* Build configuration list for PBXNativeTarget "Demo Swift Excel Xlsx Reader WriterTests" */ = {
			isa = XCConfigurationList;
			buildConfigurations = (
				5D4DFB7E1F791E0C009EED30 /* Debug */,
				5D4DFB7F1F791E0C009EED30 /* Release */,
			);
			defaultConfigurationIsVisible = 0;
			defaultConfigurationName = Release;
		};
		5D4DFB801F791E0C009EED30 /* Build configuration list for PBXNativeTarget "Demo Swift Excel Xlsx Reader WriterUITests" */ = {
			isa = XCConfigurationList;
			buildConfigurations = (
				5D4DFB811F791E0C009EED30 /* Debug */,
				5D4DFB821F791E0C009EED30 /* Release */,
			);
			defaultConfigurationIsVisible = 0;
			defaultConfigurationName = Release;
		};
/* End XCConfigurationList section */

/* Begin XCVersionGroup section */
		A86618D0212C542F002A52E2 /* Model.xcdatamodeld */ = {
			isa = XCVersionGroup;
			children = (
				A86618D1212C542F002A52E2 /* Model.xcdatamodel */,
			);
			currentVersion = A86618D1212C542F002A52E2 /* Model.xcdatamodel */;
			path = Model.xcdatamodeld;
			sourceTree = "<group>";
			versionGroupType = wrapper.xcdatamodel;
		};
/* End XCVersionGroup section */
	};
	rootObject = 5D4DFB4A1F791E0C009EED30 /* Project object */;
}
